
Microsoft Visual Studio Solution File, Format Version 12.00
# Visual Studio Version 16
VisualStudioVersion = 16.0.29424.173
MinimumVisualStudioVersion = 10.0.40219.1
Project("{FAE04EC0-301F-11D3-BF4B-00C04F79EFBC}") = "Shuffle_Posti", "Shuffle_Posti\Shuffle_Posti.csproj", "{4F8834C3-FC3A-47D4-8D63-8F47FD4C0E8B}"
EndProject
Global
	GlobalSection(SolutionConfigurationPlatforms) = preSolution
		Debug|Any CPU = Debug|Any CPU
		Release|Any CPU = Release|Any CPU
	EndGlobalSection
	GlobalSection(ProjectConfigurationPlatforms) = postSolution
		{4F8834C3-FC3A-47D4-8D63-8F47FD4C0E8B}.Debug|Any CPU.ActiveCfg = Debug|Any CPU
		{4F8834C3-FC3A-47D4-8D63-8F47FD4C0E8B}.Debug|Any CPU.Build.0 = Debug|Any CPU
		{4F8834C3-FC3A-47D4-8D63-8F47FD4C0E8B}.Release|Any CPU.ActiveCfg = Release|Any CPU
		{4F8834C3-FC3A-47D4-8D63-8F47FD4C0E8B}.Release|Any CPU.Build.0 = Release|Any CPU
	EndGlobalSection
	GlobalSection(SolutionProperties) = preSolution
		HideSolutionNode = FALSE
	EndGlobalSection
	GlobalSection(ExtensibilityGlobals) = postSolution
		SolutionGuid = {CF86289C-8CD6-4F27-AEED-098F18BF2BA3}
	EndGlobalSection
EndGlobal
